// !$*UTF8*$!
{
	archiveVersion = 1;
	classes = {
	};
	objectVersion = 50;
	objects = {

/* Begin PBXBuildFile section */
		E39A7EB3249A0CE100F0AB09 /* AppDelegate.swift in Sources */ = {isa = PBXBuildFile; fileRef = E39A7EB2249A0CE100F0AB09 /* AppDelegate.swift */; };
		E39A7EB5249A0CE100F0AB09 /* ViewController.swift in Sources */ = {isa = PBXBuildFile; fileRef = E39A7EB4249A0CE100F0AB09 /* ViewController.swift */; };
		E39A7EB8249A0CE100F0AB09 /* Main.storyboard in Resources */ = {isa = PBXBuildFile; fileRef = E39A7EB6249A0CE100F0AB09 /* Main.storyboard */; };
		E39A7EBA249A0CFE00F0AB09 /* Assets.xcassets in Resources */ = {isa = PBXBuildFile; fileRef = E39A7EB9249A0CFE00F0AB09 /* Assets.xcassets */; };
		E39A7EBD249A0CFE00F0AB09 /* LaunchScreen.storyboard in Resources */ = {isa = PBXBuildFile; fileRef = E39A7EBB249A0CFE00F0AB09 /* LaunchScreen.storyboard */; };
		E39A7EC8249A0CFE00F0AB09 /* DemoGitAppTests.swift in Sources */ = {isa = PBXBuildFile; fileRef = E39A7EC7249A0CFE00F0AB09 /* DemoGitAppTests.swift */; };
		E39A7ED3249A0CFE00F0AB09 /* DemoGitAppUITests.swift in Sources */ = {isa = PBXBuildFile; fileRef = E39A7ED2249A0CFE00F0AB09 /* DemoGitAppUITests.swift */; };
/* End PBXBuildFile section */

/* Begin PBXContainerItemProxy section */
		E39A7EC4249A0CFE00F0AB09 /* PBXContainerItemProxy */ = {
			isa = PBXContainerItemProxy;
			containerPortal = E39A7EA7249A0CE000F0AB09 /* Project object */;
			proxyType = 1;
			remoteGlobalIDString = E39A7EAE249A0CE100F0AB09;
			remoteInfo = DemoGitApp;
		};
		E39A7ECF249A0CFE00F0AB09 /* PBXContainerItemProxy */ = {
			isa = PBXContainerItemProxy;
			containerPortal = E39A7EA7249A0CE000F0AB09 /* Project object */;
			proxyType = 1;
			remoteGlobalIDString = E39A7EAE249A0CE100F0AB09;
			remoteInfo = DemoGitApp;
		};
/* End PBXContainerItemProxy section */

/* Begin PBXFileReference section */
		E39A7EAF249A0CE100F0AB09 /* DemoGitApp.app */ = {isa = PBXFileReference; explicitFileType = wrapper.application; includeInIndex = 0; path = DemoGitApp.app; sourceTree = BUILT_PRODUCTS_DIR; };
		E39A7EB2249A0CE100F0AB09 /* AppDelegate.swift */ = {isa = PBXFileReference; lastKnownFileType = sourcecode.swift; path = AppDelegate.swift; sourceTree = "<group>"; };
		E39A7EB4249A0CE100F0AB09 /* ViewController.swift */ = {isa = PBXFileReference; lastKnownFileType = sourcecode.swift; path = ViewController.swift; sourceTree = "<group>"; };
		E39A7EB7249A0CE100F0AB09 /* Base */ = {isa = PBXFileReference; lastKnownFileType = file.storyboard; name = Base; path = Base.lproj/Main.storyboard; sourceTree = "<group>"; };
		E39A7EB9249A0CFE00F0AB09 /* Assets.xcassets */ = {isa = PBXFileReference; lastKnownFileType = folder.assetcatalog; path = Assets.xcassets; sourceTree = "<group>"; };
		E39A7EBC249A0CFE00F0AB09 /* Base */ = {isa = PBXFileReference; lastKnownFileType = file.storyboard; name = Base; path = Base.lproj/LaunchScreen.storyboard; sourceTree = "<group>"; };
		E39A7EBE249A0CFE00F0AB09 /* Info.plist */ = {isa = PBXFileReference; lastKnownFileType = text.plist.xml; path = Info.plist; sourceTree = "<group>"; };
		E39A7EC3249A0CFE00F0AB09 /* DemoGitAppTests.xctest */ = {isa = PBXFileReference; explicitFileType = wrapper.cfbundle; includeInIndex = 0; path = DemoGitAppTests.xctest; sourceTree = BUILT_PRODUCTS_DIR; };
		E39A7EC7249A0CFE00F0AB09 /* DemoGitAppTests.swift */ = {isa = PBXFileReference; lastKnownFileType = sourcecode.swift; path = DemoGitAppTests.swift; sourceTree = "<group>"; };
		E39A7EC9249A0CFE00F0AB09 /* Info.plist */ = {isa = PBXFileReference; lastKnownFileType = text.plist.xml; path = Info.plist; sourceTree = "<group>"; };
		E39A7ECE249A0CFE00F0AB09 /* DemoGitAppUITests.xctest */ = {isa = PBXFileReference; explicitFileType = wrapper.cfbundle; includeInIndex = 0; path = DemoGitAppUITests.xctest; sourceTree = BUILT_PRODUCTS_DIR; };
		E39A7ED2249A0CFE00F0AB09 /* DemoGitAppUITests.swift */ = {isa = PBXFileReference; lastKnownFileType = sourcecode.swift; path = DemoGitAppUITests.swift; sourceTree = "<group>"; };
		E39A7ED4249A0CFE00F0AB09 /* Info.plist */ = {isa = PBXFileReference; lastKnownFileType = text.plist.xml; path = Info.plist; sourceTree = "<group>"; };
/* End PBXFileReference section */

/* Begin PBXFrameworksBuildPhase section */
		E39A7EAC249A0CE100F0AB09 /* Frameworks */ = {
			isa = PBXFrameworksBuildPhase;
			buildActionMask = 2147483647;
			files = (
			);
			runOnlyForDeploymentPostprocessing = 0;
		};
		E39A7EC0249A0CFE00F0AB09 /* Frameworks */ = {
			isa = PBXFrameworksBuildPhase;
			buildActionMask = 2147483647;
			files = (
			);
			runOnlyForDeploymentPostprocessing = 0;
		};
		E39A7ECB249A0CFE00F0AB09 /* Frameworks */ = {
			isa = PBXFrameworksBuildPhase;
			buildActionMask = 2147483647;
			files = (
			);
			runOnlyForDeploymentPostprocessing = 0;
		};
/* End PBXFrameworksBuildPhase section */

/* Begin PBXGroup section */
		E39A7EA6249A0CE000F0AB09 = {
			isa = PBXGroup;
			children = (
				E39A7EB1249A0CE100F0AB09 /* DemoGitApp */,
				E39A7EC6249A0CFE00F0AB09 /* DemoGitAppTests */,
				E39A7ED1249A0CFE00F0AB09 /* DemoGitAppUITests */,
				E39A7EB0249A0CE100F0AB09 /* Products */,
			);
			sourceTree = "<group>";
		};
		E39A7EB0249A0CE100F0AB09 /* Products */ = {
			isa = PBXGroup;
			children = (
				E39A7EAF249A0CE100F0AB09 /* DemoGitApp.app */,
				E39A7EC3249A0CFE00F0AB09 /* DemoGitAppTests.xctest */,
				E39A7ECE249A0CFE00F0AB09 /* DemoGitAppUITests.xctest */,
			);
			name = Products;
			sourceTree = "<group>";
		};
		E39A7EB1249A0CE100F0AB09 /* DemoGitApp */ = {
			isa = PBXGroup;
			children = (
				E39A7EB2249A0CE100F0AB09 /* AppDelegate.swift */,
				E39A7EB4249A0CE100F0AB09 /* ViewController.swift */,
				E39A7EB6249A0CE100F0AB09 /* Main.storyboard */,
				E39A7EB9249A0CFE00F0AB09 /* Assets.xcassets */,
				E39A7EBB249A0CFE00F0AB09 /* LaunchScreen.storyboard */,
				E39A7EBE249A0CFE00F0AB09 /* Info.plist */,
			);
			path = DemoGitApp;
			sourceTree = "<group>";
		};
		E39A7EC6249A0CFE00F0AB09 /* DemoGitAppTests */ = {
			isa = PBXGroup;
			children = (
				E39A7EC7249A0CFE00F0AB09 /* DemoGitAppTests.swift */,
				E39A7EC9249A0CFE00F0AB09 /* Info.plist */,
			);
			path = DemoGitAppTests;
			sourceTree = "<group>";
		};
		E39A7ED1249A0CFE00F0AB09 /* DemoGitAppUITests */ = {
			isa = PBXGroup;
			children = (
				E39A7ED2249A0CFE00F0AB09 /* DemoGitAppUITests.swift */,
				E39A7ED4249A0CFE00F0AB09 /* Info.plist */,
			);
			path = DemoGitAppUITests;
			sourceTree = "<group>";
		};
/* End PBXGroup section */

/* Begin PBXNativeTarget section */
		E39A7EAE249A0CE100F0AB09 /* DemoGitApp */ = {
			isa = PBXNativeTarget;
			buildConfigurationList = E39A7ED7249A0CFE00F0AB09 /* Build configuration list for PBXNativeTarget "DemoGitApp" */;
			buildPhases = (
				E39A7EAB249A0CE100F0AB09 /* Sources */,
				E39A7EAC249A0CE100F0AB09 /* Frameworks */,
				E39A7EAD249A0CE100F0AB09 /* Resources */,
			);
			buildRules = (
			);
			dependencies = (
			);
			name = DemoGitApp;
			productName = DemoGitApp;
			productReference = E39A7EAF249A0CE100F0AB09 /* DemoGitApp.app */;
			productType = "com.apple.product-type.application";
		};
		E39A7EC2249A0CFE00F0AB09 /* DemoGitAppTests */ = {
			isa = PBXNativeTarget;
			buildConfigurationList = E39A7EDA249A0CFE00F0AB09 /* Build configuration list for PBXNativeTarget "DemoGitAppTests" */;
			buildPhases = (
				E39A7EBF249A0CFE00F0AB09 /* Sources */,
				E39A7EC0249A0CFE00F0AB09 /* Frameworks */,
				E39A7EC1249A0CFE00F0AB09 /* Resources */,
			);
			buildRules = (
			);
			dependencies = (
				E39A7EC5249A0CFE00F0AB09 /* PBXTargetDependency */,
			);
			name = DemoGitAppTests;
			productName = DemoGitAppTests;
			productReference = E39A7EC3249A0CFE00F0AB09 /* DemoGitAppTests.xctest */;
			productType = "com.apple.product-type.bundle.unit-test";
		};
		E39A7ECD249A0CFE00F0AB09 /* DemoGitAppUITests */ = {
			isa = PBXNativeTarget;
			buildConfigurationList = E39A7EDD249A0CFE00F0AB09 /* Build configuration list for PBXNativeTarget "DemoGitAppUITests" */;
			buildPhases = (
				E39A7ECA249A0CFE00F0AB09 /* Sources */,
				E39A7ECB249A0CFE00F0AB09 /* Frameworks */,
				E39A7ECC249A0CFE00F0AB09 /* Resources */,
			);
			buildRules = (
			);
			dependencies = (
				E39A7ED0249A0CFE00F0AB09 /* PBXTargetDependency */,
			);
			name = DemoGitAppUITests;
			productName = DemoGitAppUITests;
			productReference = E39A7ECE249A0CFE00F0AB09 /* DemoGitAppUITests.xctest */;
			productType = "com.apple.product-type.bundle.ui-testing";
		};
/* End PBXNativeTarget section */

/* Begin PBXProject section */
		E39A7EA7249A0CE000F0AB09 /* Project object */ = {
			isa = PBXProject;
			attributes = {
				LastSwiftUpdateCheck = 1010;
				LastUpgradeCheck = 1010;
				ORGANIZATIONNAME = "V kishore kumar redddy";
				TargetAttributes = {
					E39A7EAE249A0CE100F0AB09 = {
						CreatedOnToolsVersion = 10.1;
					};
					E39A7EC2249A0CFE00F0AB09 = {
						CreatedOnToolsVersion = 10.1;
						TestTargetID = E39A7EAE249A0CE100F0AB09;
					};
					E39A7ECD249A0CFE00F0AB09 = {
						CreatedOnToolsVersion = 10.1;
						TestTargetID = E39A7EAE249A0CE100F0AB09;
					};
				};
			};
			buildConfigurationList = E39A7EAA249A0CE000F0AB09 /* Build configuration list for PBXProject "DemoGitApp" */;
			compatibilityVersion = "Xcode 9.3";
			developmentRegion = en;
			hasScannedForEncodings = 0;
			knownRegions = (
				en,
				Base,
			);
			mainGroup = E39A7EA6249A0CE000F0AB09;
			productRefGroup = E39A7EB0249A0CE100F0AB09 /* Products */;
			projectDirPath = "";
			projectRoot = "";
			targets = (
				E39A7EAE249A0CE100F0AB09 /* DemoGitApp */,
				E39A7EC2249A0CFE00F0AB09 /* DemoGitAppTests */,
				E39A7ECD249A0CFE00F0AB09 /* DemoGitAppUITests */,
			);
		};
/* End PBXProject section */

/* Begin PBXResourcesBuildPhase section */
		E39A7EAD249A0CE100F0AB09 /* Resources */ = {
			isa = PBXResourcesBuildPhase;
			buildActionMask = 2147483647;
			files = (
				E39A7EBD249A0CFE00F0AB09 /* LaunchScreen.storyboard in Resources */,
				E39A7EBA249A0CFE00F0AB09 /* Assets.xcassets in Resources */,
				E39A7EB8249A0CE100F0AB09 /* Main.storyboard in Resources */,
			);
			runOnlyForDeploymentPostprocessing = 0;
		};
		E39A7EC1249A0CFE00F0AB09 /* Resources */ = {
			isa = PBXResourcesBuildPhase;
			buildActionMask = 2147483647;
			files = (
			);
			runOnlyForDeploymentPostprocessing = 0;
		};
		E39A7ECC249A0CFE00F0AB09 /* Resources */ = {
			isa = PBXResourcesBuildPhase;
			buildActionMask = 2147483647;
			files = (
			);
			runOnlyForDeploymentPostprocessing = 0;
		};
/* End PBXResourcesBuildPhase section */

/* Begin PBXSourcesBuildPhase section */
		E39A7EAB249A0CE100F0AB09 /* Sources */ = {
			isa = PBXSourcesBuildPhase;
			buildActionMask = 2147483647;
			files = (
				E39A7EB5249A0CE100F0AB09 /* ViewController.swift in Sources */,
				E39A7EB3249A0CE100F0AB09 /* AppDelegate.swift in Sources */,
			);
			runOnlyForDeploymentPostprocessing = 0;
		};
		E39A7EBF249A0CFE00F0AB09 /* Sources */ = {
			isa = PBXSourcesBuildPhase;
			buildActionMask = 2147483647;
			files = (
				E39A7EC8249A0CFE00F0AB09 /* DemoGitAppTests.swift in Sources */,
			);
			runOnlyForDeploymentPostprocessing = 0;
		};
		E39A7ECA249A0CFE00F0AB09 /* Sources */ = {
			isa = PBXSourcesBuildPhase;
			buildActionMask = 2147483647;
			files = (
				E39A7ED3249A0CFE00F0AB09 /* DemoGitAppUITests.swift in Sources */,
			);
			runOnlyForDeploymentPostprocessing = 0;
		};
/* End PBXSourcesBuildPhase section */

/* Begin PBXTargetDependency section */
		E39A7EC5249A0CFE00F0AB09 /* PBXTargetDependency */ = {
			isa = PBXTargetDependency;
			target = E39A7EAE249A0CE100F0AB09 /* DemoGitApp */;
			targetProxy = E39A7EC4249A0CFE00F0AB09 /* PBXContainerItemProxy */;
		};
		E39A7ED0249A0CFE00F0AB09 /* PBXTargetDependency */ = {
			isa = PBXTargetDependency;
			target = E39A7EAE249A0CE100F0AB09 /* DemoGitApp */;
			targetProxy = E39A7ECF249A0CFE00F0AB09 /* PBXContainerItemProxy */;
		};
/* End PBXTargetDependency section */

/* Begin PBXVariantGroup section */
		E39A7EB6249A0CE100F0AB09 /* Main.storyboard */ = {
			isa = PBXVariantGroup;
			children = (
				E39A7EB7249A0CE100F0AB09 /* Base */,
			);
			name = Main.storyboard;
			sourceTree = "<group>";
		};
		E39A7EBB249A0CFE00F0AB09 /* LaunchScreen.storyboard */ = {
			isa = PBXVariantGroup;
			children = (
				E39A7EBC249A0CFE00F0AB09 /* Base */,
			);
			name = LaunchScreen.storyboard;
			sourceTree = "<group>";
		};
/* End PBXVariantGroup section */

/* Begin XCBuildConfiguration section */
		E39A7ED5249A0CFE00F0AB09 /* Debug */ = {
			isa = XCBuildConfiguration;
			buildSettings = {
				ALWAYS_SEARCH_USER_PATHS = NO;
				CLANG_ANALYZER_NONNULL = YES;
				CLANG_ANALYZER_NUMBER_OBJECT_CONVERSION = YES_AGGRESSIVE;
				CLANG_CXX_LANGUAGE_STANDARD = "gnu++14";
				CLANG_CXX_LIBRARY = "libc++";
				CLANG_ENABLE_MODULES = YES;
				CLANG_ENABLE_OBJC_ARC = YES;
				CLANG_ENABLE_OBJC_WEAK = YES;
				CLANG_WARN_BLOCK_CAPTURE_AUTORELEASING = YES;
				CLANG_WARN_BOOL_CONVERSION = YES;
				CLANG_WARN_COMMA = YES;
				CLANG_WARN_CONSTANT_CONVERSION = YES;
				CLANG_WARN_DEPRECATED_OBJC_IMPLEMENTATIONS = YES;
				CLANG_WARN_DIRECT_OBJC_ISA_USAGE = YES_ERROR;
				CLANG_WARN_DOCUMENTATION_COMMENTS = YES;
				CLANG_WARN_EMPTY_BODY = YES;
				CLANG_WARN_ENUM_CONVERSION = YES;
				CLANG_WARN_INFINITE_RECURSION = YES;
				CLANG_WARN_INT_CONVERSION = YES;
				CLANG_WARN_NON_LITERAL_NULL_CONVERSION = YES;
				CLANG_WARN_OBJC_IMPLICIT_RETAIN_SELF = YES;
				CLANG_WARN_OBJC_LITERAL_CONVERSION = YES;
				CLANG_WARN_OBJC_ROOT_CLASS = YES_ERROR;
				CLANG_WARN_RANGE_LOOP_ANALYSIS = YES;
				CLANG_WARN_STRICT_PROTOTYPES = YES;
				CLANG_WARN_SUSPICIOUS_MOVE = YES;
				CLANG_WARN_UNGUARDED_AVAILABILITY = YES_AGGRESSIVE;
				CLANG_WARN_UNREACHABLE_CODE = YES;
				CLANG_WARN__DUPLICATE_METHOD_MATCH = YES;
				CODE_SIGN_IDENTITY = "iPhone Developer";
				COPY_PHASE_STRIP = NO;
				DEBUG_INFORMATION_FORMAT = dwarf;
				ENABLE_STRICT_OBJC_MSGSEND = YES;
				ENABLE_TESTABILITY = YES;
				GCC_C_LANGUAGE_STANDARD = gnu11;
				GCC_DYNAMIC_NO_PIC = NO;
				GCC_NO_COMMON_BLOCKS = YES;
				GCC_OPTIMIZATION_LEVEL = 0;
				GCC_PREPROCESSOR_DEFINITIONS = (
					"DEBUG=1",
					"$(inherited)",
				);
				GCC_WARN_64_TO_32_BIT_CONVERSION = YES;
				GCC_WARN_ABOUT_RETURN_TYPE = YES_ERROR;
				GCC_WARN_UNDECLARED_SELECTOR = YES;
				GCC_WARN_UNINITIALIZED_AUTOS = YES_AGGRESSIVE;
				GCC_WARN_UNUSED_FUNCTION = YES;
				GCC_WARN_UNUSED_VARIABLE = YES;
				IPHONEOS_DEPLOYMENT_TARGET = 12.1;
				MTL_ENABLE_DEBUG_INFO = INCLUDE_SOURCE;
				MTL_FAST_MATH = YES;
				ONLY_ACTIVE_ARCH = YES;
				SDKROOT = iphoneos;
				SWIFT_ACTIVE_COMPILATION_CONDITIONS = DEBUG;
				SWIFT_OPTIMIZATION_LEVEL = "-Onone";
			};
			name = Debug;
		};
		E39A7ED6249A0CFE00F0AB09 /* Release */ = {
			isa = XCBuildConfiguration;
			buildSettings = {
				ALWAYS_SEARCH_USER_PATHS = NO;
				CLANG_ANALYZER_NONNULL = YES;
				CLANG_ANALYZER_NUMBER_OBJECT_CONVERSION = YES_AGGRESSIVE;
				CLANG_CXX_LANGUAGE_STANDARD = "gnu++14";
				CLANG_CXX_LIBRARY = "libc++";
				CLANG_ENABLE_MODULES = YES;
				CLANG_ENABLE_OBJC_ARC = YES;
				CLANG_ENABLE_OBJC_WEAK = YES;
				CLANG_WARN_BLOCK_CAPTURE_AUTORELEASING = YES;
				CLANG_WARN_BOOL_CONVERSION = YES;
				CLANG_WARN_COMMA = YES;
				CLANG_WARN_CONSTANT_CONVERSION = YES;
				CLANG_WARN_DEPRECATED_OBJC_IMPLEMENTATIONS = YES;
				CLANG_WARN_DIRECT_OBJC_ISA_USAGE = YES_ERROR;
				CLANG_WARN_DOCUMENTATION_COMMENTS = YES;
				CLANG_WARN_EMPTY_BODY = YES;
				CLANG_WARN_ENUM_CONVERSION = YES;
				CLANG_WARN_INFINITE_RECURSION = YES;
				CLANG_WARN_INT_CONVERSION = YES;
				CLANG_WARN_NON_LITERAL_NULL_CONVERSION = YES;
				CLANG_WARN_OBJC_IMPLICIT_RETAIN_SELF = YES;
				CLANG_WARN_OBJC_LITERAL_CONVERSION = YES;
				CLANG_WARN_OBJC_ROOT_CLASS = YES_ERROR;
				CLANG_WARN_RANGE_LOOP_ANALYSIS = YES;
				CLANG_WARN_STRICT_PROTOTYPES = YES;
				CLANG_WARN_SUSPICIOUS_MOVE = YES;
				CLANG_WARN_UNGUARDED_AVAILABILITY = YES_AGGRESSIVE;
				CLANG_WARN_UNREACHABLE_CODE = YES;
				CLANG_WARN__DUPLICATE_METHOD_MATCH = YES;
				CODE_SIGN_IDENTITY = "iPhone Developer";
				COPY_PHASE_STRIP = NO;
				DEBUG_INFORMATION_FORMAT = "dwarf-with-dsym";
				ENABLE_NS_ASSERTIONS = NO;
				ENABLE_STRICT_OBJC_MSGSEND = YES;
				GCC_C_LANGUAGE_STANDARD = gnu11;
				GCC_NO_COMMON_BLOCKS = YES;
				GCC_WARN_64_TO_32_BIT_CONVERSION = YES;
				GCC_WARN_ABOUT_RETURN_TYPE = YES_ERROR;
				GCC_WARN_UNDECLARED_SELECTOR = YES;
				GCC_WARN_UNINITIALIZED_AUTOS = YES_AGGRESSIVE;
				GCC_WARN_UNUSED_FUNCTION = YES;
				GCC_WARN_UNUSED_VARIABLE = YES;
				IPHONEOS_DEPLOYMENT_TARGET = 12.1;
				MTL_ENABLE_DEBUG_INFO = NO;
				MTL_FAST_MATH = YES;
				SDKROOT = iphoneos;
				SWIFT_COMPILATION_MODE = wholemodule;
				SWIFT_OPTIMIZATION_LEVEL = "-O";
				VALIDATE_PRODUCT = YES;
			};
			name = Release;
		};
		E39A7ED8249A0CFE00F0AB09 /* Debug */ = {
			isa = XCBuildConfiguration;
			buildSettings = {
				ASSETCATALOG_COMPILER_APPICON_NAME = AppIcon;
				CODE_SIGN_STYLE = Automatic;
				INFOPLIST_FILE = DemoGitApp/Info.plist;
				LD_RUNPATH_SEARCH_PATHS = (
					"$(inherited)",
					"@executable_path/Frameworks",
				);
				PRODUCT_BUNDLE_IDENTIFIER = kishore.DemoGitApp;
				PRODUCT_NAME = "$(TARGET_NAME)";
				SWIFT_VERSION = 4.2;
				TARGETED_DEVICE_FAMILY = "1,2";
			};
			name = Debug;
		};
		E39A7ED9249A0CFE00F0AB09 /* Release */ = {
			isa = XCBuildConfiguration;
			buildSettings = {
				ASSETCATALOG_COMPILER_APPICON_NAME = AppIcon;
				CODE_SIGN_STYLE = Automatic;
				INFOPLIST_FILE = DemoGitApp/Info.plist;
				LD_RUNPATH_SEARCH_PATHS = (
					"$(inherited)",
					"@executable_path/Frameworks",
				);
				PRODUCT_BUNDLE_IDENTIFIER = kishore.DemoGitApp;
				PRODUCT_NAME = "$(TARGET_NAME)";
				SWIFT_VERSION = 4.2;
				TARGETED_DEVICE_FAMILY = "1,2";
			};
			name = Release;
		};
		E39A7EDB249A0CFE00F0AB09 /* Debug */ = {
			isa = XCBuildConfiguration;
			buildSettings = {
				ALWAYS_EMBED_SWIFT_STANDARD_LIBRARIES = YES;
				BUNDLE_LOADER = "$(TEST_HOST)";
				CODE_SIGN_STYLE = Automatic;
				INFOPLIST_FILE = DemoGitAppTests/Info.plist;
				LD_RUNPATH_SEARCH_PATHS = (
					"$(inherited)",
					"@executable_path/Frameworks",
					"@loader_path/Frameworks",
				);
				PRODUCT_BUNDLE_IDENTIFIER = kishore.DemoGitAppTests;
				PRODUCT_NAME = "$(TARGET_NAME)";
				SWIFT_VERSION = 4.2;
				TARGETED_DEVICE_FAMILY = "1,2";
				TEST_HOST = "$(BUILT_PRODUCTS_DIR)/DemoGitApp.app/DemoGitApp";
			};
			name = Debug;
		};
		E39A7EDC249A0CFE00F0AB09 /* Release */ = {
			isa = XCBuildConfiguration;
			buildSettings = {
				ALWAYS_EMBED_SWIFT_STANDARD_LIBRARIES = YES;
				BUNDLE_LOADER = "$(TEST_HOST)";
				CODE_SIGN_STYLE = Automatic;
				INFOPLIST_FILE = DemoGitAppTests/Info.plist;
				LD_RUNPATH_SEARCH_PATHS = (
					"$(inherited)",
					"@executable_path/Frameworks",
					"@loader_path/Frameworks",
				);
				PRODUCT_BUNDLE_IDENTIFIER = kishore.DemoGitAppTests;
				PRODUCT_NAME = "$(TARGET_NAME)";
				SWIFT_VERSION = 4.2;
				TARGETED_DEVICE_FAMILY = "1,2";
				TEST_HOST = "$(BUILT_PRODUCTS_DIR)/DemoGitApp.app/DemoGitApp";
			};
			name = Release;
		};
		E39A7EDE249A0CFE00F0AB09 /* Debug */ = {
			isa = XCBuildConfiguration;
			buildSettings = {
				ALWAYS_EMBED_SWIFT_STANDARD_LIBRARIES = YES;
				CODE_SIGN_STYLE = Automatic;
				INFOPLIST_FILE = DemoGitAppUITests/Info.plist;
				LD_RUNPATH_SEARCH_PATHS = (
					"$(inherited)",
					"@executable_path/Frameworks",
					"@loader_path/Frameworks",
				);
				PRODUCT_BUNDLE_IDENTIFIER = kishore.DemoGitAppUITests;
				PRODUCT_NAME = "$(TARGET_NAME)";
				SWIFT_VERSION = 4.2;
				TARGETED_DEVICE_FAMILY = "1,2";
				TEST_TARGET_NAME = DemoGitApp;
			};
			name = Debug;
		};
		E39A7EDF249A0CFE00F0AB09 /* Release */ = {
			isa = XCBuildConfiguration;
			buildSettings = {
				ALWAYS_EMBED_SWIFT_STANDARD_LIBRARIES = YES;
				CODE_SIGN_STYLE = Automatic;
				INFOPLIST_FILE = DemoGitAppUITests/Info.plist;
				LD_RUNPATH_SEARCH_PATHS = (
					"$(inherited)",
					"@executable_path/Frameworks",
					"@loader_path/Frameworks",
				);
				PRODUCT_BUNDLE_IDENTIFIER = kishore.DemoGitAppUITests;
				PRODUCT_NAME = "$(TARGET_NAME)";
				SWIFT_VERSION = 4.2;
				TARGETED_DEVICE_FAMILY = "1,2";
				TEST_TARGET_NAME = DemoGitApp;
			};
			name = Release;
		};
/* End XCBuildConfiguration section */

/* Begin XCConfigurationList section */
		E39A7EAA249A0CE000F0AB09 /* Build configuration list for PBXProject "DemoGitApp" */ = {
			isa = XCConfigurationList;
			buildConfigurations = (
				E39A7ED5249A0CFE00F0AB09 /* Debug */,
				E39A7ED6249A0CFE00F0AB09 /* Release */,
			);
			defaultConfigurationIsVisible = 0;
			defaultConfigurationName = Release;
		};
		E39A7ED7249A0CFE00F0AB09 /* Build configuration list for PBXNativeTarget "DemoGitApp" */ = {
			isa = XCConfigurationList;
			buildConfigurations = (
				E39A7ED8249A0CFE00F0AB09 /* Debug */,
				E39A7ED9249A0CFE00F0AB09 /* Release */,
			);
			defaultConfigurationIsVisible = 0;
			defaultConfigurationName = Release;
		};
		E39A7EDA249A0CFE00F0AB09 /* Build configuration list for PBXNativeTarget "DemoGitAppTests" */ = {
			isa = XCConfigurationList;
			buildConfigurations = (
				E39A7EDB249A0CFE00F0AB09 /* Debug */,
				E39A7EDC249A0CFE00F0AB09 /* Release */,
			);
			defaultConfigurationIsVisible = 0;
			defaultConfigurationName = Release;
		};
		E39A7EDD249A0CFE00F0AB09 /* Build configuration list for PBXNativeTarget "DemoGitAppUITests" */ = {
			isa = XCConfigurationList;
			buildConfigurations = (
				E39A7EDE249A0CFE00F0AB09 /* Debug */,
				E39A7EDF249A0CFE00F0AB09 /* Release */,
			);
			defaultConfigurationIsVisible = 0;
			defaultConfigurationName = Release;
		};
/* End XCConfigurationList section */
	};
	rootObject = E39A7EA7249A0CE000F0AB09 /* Project object */;
}
